
Microsoft Visual Studio Solution File, Format Version 12.00
# Visual Studio Version 17
VisualStudioVersion = 17.12.35521.163
MinimumVisualStudioVersion = 10.0.40219.1
Project("{2150E333-8FDC-42A3-9474-1A3956D46DE8}") = "ChainOfResponsibilty", "ChainOfResponsibilty", "{1AE43104-23A7-4947-9E93-6E802DC662EC}"
EndProject
Project("{FAE04EC0-301F-11D3-BF4B-00C04F79EFBC}") = "DesignPattern.ChainOfResponsibility", "ChainOfResponsibilty\DesignPattern.ChainOfResponsibility\DesignPattern.ChainOfResponsibility.csproj", "{5464A073-87B7-45F4-8A9D-C1B531E2DF35}"
EndProject
Project("{2150E333-8FDC-42A3-9474-1A3956D46DE8}") = "CQRS", "CQRS", "{E105B3F6-4F02-4CCD-9135-431B6F498D5C}"
EndProject
Project("{FAE04EC0-301F-11D3-BF4B-00C04F79EFBC}") = "DesignPattern.CQRS", "CQRS\DesignPattern.CQRS\DesignPattern.CQRS.csproj", "{D0491160-1339-4409-A7D0-AE02210C1359}"
EndProject
Project("{2150E333-8FDC-42A3-9474-1A3956D46DE8}") = "Template", "Template", "{005E3E35-AC54-4EC5-A099-2B65B39F39DB}"
EndProject
Project("{FAE04EC0-301F-11D3-BF4B-00C04F79EFBC}") = "DesignPattern.Template", "Template\DesignPattern.Template\DesignPattern.Template.csproj", "{2AC0D02A-EACE-489B-8231-20B5874135A7}"
EndProject
Project("{2150E333-8FDC-42A3-9474-1A3956D46DE8}") = "Observer", "Observer", "{416AE7B3-E34B-47EC-9550-DB94FD1B6761}"
EndProject
Project("{FAE04EC0-301F-11D3-BF4B-00C04F79EFBC}") = "DesignPattern.Observer", "Observer\DesignPattern.Observer\DesignPattern.Observer.csproj", "{685DCAED-553E-410F-9DDE-D2B9EF171101}"
EndProject
Project("{2150E333-8FDC-42A3-9474-1A3956D46DE8}") = "UnitOfWork", "UnitOfWork", "{A3E640F7-C31B-4BE9-8F46-448C60C8F3FB}"
EndProject
Project("{FAE04EC0-301F-11D3-BF4B-00C04F79EFBC}") = "DesignPattern.UnitOfWork", "UnitOfWork\DesignPattern.UnitOfWork\DesignPattern.UnitOfWork.csproj", "{649A20EF-3F0A-484B-A3B5-00616C505D91}"
EndProject
Project("{FAE04EC0-301F-11D3-BF4B-00C04F79EFBC}") = "DesignPattern.Entity", "UnitOfWork\DesignPattern.Entity\DesignPattern.Entity.csproj", "{7938B087-646C-4547-99D2-A9C763269B31}"
EndProject
Project("{FAE04EC0-301F-11D3-BF4B-00C04F79EFBC}") = "DesignPattern.DataAccess", "UnitOfWork\DesignPattern.DataAccess\DesignPattern.DataAccess.csproj", "{D9862553-C524-493C-90AB-186DDA4E0CD7}"
EndProject
Project("{FAE04EC0-301F-11D3-BF4B-00C04F79EFBC}") = "DesignPattern.Bussiness", "UnitOfWork\DesignPattern.Bussiness\DesignPattern.Bussiness.csproj", "{A4A41E9D-ECE6-4FFC-AF73-00570F2A279F}"
EndProject
Project("{2150E333-8FDC-42A3-9474-1A3956D46DE8}") = "Repository", "Repository", "{888B537C-543D-41D0-A855-E79C8C2E4F3C}"
EndProject
Project("{FAE04EC0-301F-11D3-BF4B-00C04F79EFBC}") = "DesignPattern.Repository", "Repository\DesignPattern.Repository\DesignPattern.Repository.csproj", "{2C9F7A7B-7112-4AC4-9327-4A502EE9A40B}"
EndProject
Project("{FAE04EC0-301F-11D3-BF4B-00C04F79EFBC}") = "DesignPattern.Entity", "Repository\DesignPattern.Entity\DesignPattern.Entity.csproj", "{2C210EFB-3991-4F09-9612-15FE7782FD5D}"
EndProject
Project("{FAE04EC0-301F-11D3-BF4B-00C04F79EFBC}") = "DesinPattern.Business", "Repository\DesinPattern.Business\DesinPattern.Business.csproj", "{26730EFB-81FB-4967-8653-2FFBA30D6854}"
EndProject
Project("{FAE04EC0-301F-11D3-BF4B-00C04F79EFBC}") = "DesignPattern.DataAccess", "Repository\DesignPattern.DataAccess\DesignPattern.DataAccess.csproj", "{35AC3E98-5600-423C-B1B7-FE83284C29A6}"
EndProject
Project("{2150E333-8FDC-42A3-9474-1A3956D46DE8}") = "Composite", "Composite", "{A0CD1EA5-CE46-4CA2-BF39-1900FEE544AD}"
EndProject
Project("{FAE04EC0-301F-11D3-BF4B-00C04F79EFBC}") = "DesignPattern.Composite", "Composite\DesignPattern.Composite\DesignPattern.Composite.csproj", "{DF92BF8B-CF4B-42C4-8500-E4BAA7DFEAA7}"
EndProject
Project("{2150E333-8FDC-42A3-9474-1A3956D46DE8}") = "Mediator", "Mediator", "{AC726927-49D9-4AAC-8B9C-E745DDF0B6FE}"
EndProject
Project("{FAE04EC0-301F-11D3-BF4B-00C04F79EFBC}") = "DesignPattern.Mediator", "Mediator\DesignPattern.Mediator\DesignPattern.Mediator.csproj", "{5F46E871-4ACE-44AA-A844-21124835ADA9}"
EndProject
Project("{2150E333-8FDC-42A3-9474-1A3956D46DE8}") = "Iterator", "Iterator", "{A0988DA3-19CC-47B2-9795-5766B0A26829}"
EndProject
Project("{FAE04EC0-301F-11D3-BF4B-00C04F79EFBC}") = "DesignPattern.Iterator", "Iterator\DesignPattern.Iterator\DesignPattern.Iterator.csproj", "{23782251-B3C1-4236-9230-AEC8AC2D4BCC}"
EndProject
Project("{2150E333-8FDC-42A3-9474-1A3956D46DE8}") = "Facade", "Facade", "{E8D46783-E2B1-41BF-8ED0-ED8B101CA42A}"
EndProject
Project("{FAE04EC0-301F-11D3-BF4B-00C04F79EFBC}") = "DesignPattern.Facade", "Facade\DesignPattern.Facade\DesignPattern.Facade.csproj", "{E140A5B1-A519-44A5-8A4C-4A23F4479371}"
EndProject
Global
	GlobalSection(SolutionConfigurationPlatforms) = preSolution
		Debug|Any CPU = Debug|Any CPU
		Release|Any CPU = Release|Any CPU
	EndGlobalSection
	GlobalSection(ProjectConfigurationPlatforms) = postSolution
		{5464A073-87B7-45F4-8A9D-C1B531E2DF35}.Debug|Any CPU.ActiveCfg = Debug|Any CPU
		{5464A073-87B7-45F4-8A9D-C1B531E2DF35}.Debug|Any CPU.Build.0 = Debug|Any CPU
		{5464A073-87B7-45F4-8A9D-C1B531E2DF35}.Release|Any CPU.ActiveCfg = Release|Any CPU
		{5464A073-87B7-45F4-8A9D-C1B531E2DF35}.Release|Any CPU.Build.0 = Release|Any CPU
		{D0491160-1339-4409-A7D0-AE02210C1359}.Debug|Any CPU.ActiveCfg = Debug|Any CPU
		{D0491160-1339-4409-A7D0-AE02210C1359}.Debug|Any CPU.Build.0 = Debug|Any CPU
		{D0491160-1339-4409-A7D0-AE02210C1359}.Release|Any CPU.ActiveCfg = Release|Any CPU
		{D0491160-1339-4409-A7D0-AE02210C1359}.Release|Any CPU.Build.0 = Release|Any CPU
		{2AC0D02A-EACE-489B-8231-20B5874135A7}.Debug|Any CPU.ActiveCfg = Debug|Any CPU
		{2AC0D02A-EACE-489B-8231-20B5874135A7}.Debug|Any CPU.Build.0 = Debug|Any CPU
		{2AC0D02A-EACE-489B-8231-20B5874135A7}.Release|Any CPU.ActiveCfg = Release|Any CPU
		{2AC0D02A-EACE-489B-8231-20B5874135A7}.Release|Any CPU.Build.0 = Release|Any CPU
		{685DCAED-553E-410F-9DDE-D2B9EF171101}.Debug|Any CPU.ActiveCfg = Debug|Any CPU
		{685DCAED-553E-410F-9DDE-D2B9EF171101}.Debug|Any CPU.Build.0 = Debug|Any CPU
		{685DCAED-553E-410F-9DDE-D2B9EF171101}.Release|Any CPU.ActiveCfg = Release|Any CPU
		{685DCAED-553E-410F-9DDE-D2B9EF171101}.Release|Any CPU.Build.0 = Release|Any CPU
		{649A20EF-3F0A-484B-A3B5-00616C505D91}.Debug|Any CPU.ActiveCfg = Debug|Any CPU
		{649A20EF-3F0A-484B-A3B5-00616C505D91}.Debug|Any CPU.Build.0 = Debug|Any CPU
		{649A20EF-3F0A-484B-A3B5-00616C505D91}.Release|Any CPU.ActiveCfg = Release|Any CPU
		{649A20EF-3F0A-484B-A3B5-00616C505D91}.Release|Any CPU.Build.0 = Release|Any CPU
		{7938B087-646C-4547-99D2-A9C763269B31}.Debug|Any CPU.ActiveCfg = Debug|Any CPU
		{7938B087-646C-4547-99D2-A9C763269B31}.Debug|Any CPU.Build.0 = Debug|Any CPU
		{7938B087-646C-4547-99D2-A9C763269B31}.Release|Any CPU.ActiveCfg = Release|Any CPU
		{7938B087-646C-4547-99D2-A9C763269B31}.Release|Any CPU.Build.0 = Release|Any CPU
		{D9862553-C524-493C-90AB-186DDA4E0CD7}.Debug|Any CPU.ActiveCfg = Debug|Any CPU
		{D9862553-C524-493C-90AB-186DDA4E0CD7}.Debug|Any CPU.Build.0 = Debug|Any CPU
		{D9862553-C524-493C-90AB-186DDA4E0CD7}.Release|Any CPU.ActiveCfg = Release|Any CPU
		{D9862553-C524-493C-90AB-186DDA4E0CD7}.Release|Any CPU.Build.0 = Release|Any CPU
		{A4A41E9D-ECE6-4FFC-AF73-00570F2A279F}.Debug|Any CPU.ActiveCfg = Debug|Any CPU
		{A4A41E9D-ECE6-4FFC-AF73-00570F2A279F}.Debug|Any CPU.Build.0 = Debug|Any CPU
		{A4A41E9D-ECE6-4FFC-AF73-00570F2A279F}.Release|Any CPU.ActiveCfg = Release|Any CPU
		{A4A41E9D-ECE6-4FFC-AF73-00570F2A279F}.Release|Any CPU.Build.0 = Release|Any CPU
		{2C9F7A7B-7112-4AC4-9327-4A502EE9A40B}.Debug|Any CPU.ActiveCfg = Debug|Any CPU
		{2C9F7A7B-7112-4AC4-9327-4A502EE9A40B}.Debug|Any CPU.Build.0 = Debug|Any CPU
		{2C9F7A7B-7112-4AC4-9327-4A502EE9A40B}.Release|Any CPU.ActiveCfg = Release|Any CPU
		{2C9F7A7B-7112-4AC4-9327-4A502EE9A40B}.Release|Any CPU.Build.0 = Release|Any CPU
		{2C210EFB-3991-4F09-9612-15FE7782FD5D}.Debug|Any CPU.ActiveCfg = Debug|Any CPU
		{2C210EFB-3991-4F09-9612-15FE7782FD5D}.Debug|Any CPU.Build.0 = Debug|Any CPU
		{2C210EFB-3991-4F09-9612-15FE7782FD5D}.Release|Any CPU.ActiveCfg = Release|Any CPU
		{2C210EFB-3991-4F09-9612-15FE7782FD5D}.Release|Any CPU.Build.0 = Release|Any CPU
		{26730EFB-81FB-4967-8653-2FFBA30D6854}.Debug|Any CPU.ActiveCfg = Debug|Any CPU
		{26730EFB-81FB-4967-8653-2FFBA30D6854}.Debug|Any CPU.Build.0 = Debug|Any CPU
		{26730EFB-81FB-4967-8653-2FFBA30D6854}.Release|Any CPU.ActiveCfg = Release|Any CPU
		{26730EFB-81FB-4967-8653-2FFBA30D6854}.Release|Any CPU.Build.0 = Release|Any CPU
		{35AC3E98-5600-423C-B1B7-FE83284C29A6}.Debug|Any CPU.ActiveCfg = Debug|Any CPU
		{35AC3E98-5600-423C-B1B7-FE83284C29A6}.Debug|Any CPU.Build.0 = Debug|Any CPU
		{35AC3E98-5600-423C-B1B7-FE83284C29A6}.Release|Any CPU.ActiveCfg = Release|Any CPU
		{35AC3E98-5600-423C-B1B7-FE83284C29A6}.Release|Any CPU.Build.0 = Release|Any CPU
		{DF92BF8B-CF4B-42C4-8500-E4BAA7DFEAA7}.Debug|Any CPU.ActiveCfg = Debug|Any CPU
		{DF92BF8B-CF4B-42C4-8500-E4BAA7DFEAA7}.Debug|Any CPU.Build.0 = Debug|Any CPU
		{DF92BF8B-CF4B-42C4-8500-E4BAA7DFEAA7}.Release|Any CPU.ActiveCfg = Release|Any CPU
		{DF92BF8B-CF4B-42C4-8500-E4BAA7DFEAA7}.Release|Any CPU.Build.0 = Release|Any CPU
		{5F46E871-4ACE-44AA-A844-21124835ADA9}.Debug|Any CPU.ActiveCfg = Debug|Any CPU
		{5F46E871-4ACE-44AA-A844-21124835ADA9}.Debug|Any CPU.Build.0 = Debug|Any CPU
		{5F46E871-4ACE-44AA-A844-21124835ADA9}.Release|Any CPU.ActiveCfg = Release|Any CPU
		{5F46E871-4ACE-44AA-A844-21124835ADA9}.Release|Any CPU.Build.0 = Release|Any CPU
		{23782251-B3C1-4236-9230-AEC8AC2D4BCC}.Debug|Any CPU.ActiveCfg = Debug|Any CPU
		{23782251-B3C1-4236-9230-AEC8AC2D4BCC}.Debug|Any CPU.Build.0 = Debug|Any CPU
		{23782251-B3C1-4236-9230-AEC8AC2D4BCC}.Release|Any CPU.ActiveCfg = Release|Any CPU
		{23782251-B3C1-4236-9230-AEC8AC2D4BCC}.Release|Any CPU.Build.0 = Release|Any CPU
		{E140A5B1-A519-44A5-8A4C-4A23F4479371}.Debug|Any CPU.ActiveCfg = Debug|Any CPU
		{E140A5B1-A519-44A5-8A4C-4A23F4479371}.Debug|Any CPU.Build.0 = Debug|Any CPU
		{E140A5B1-A519-44A5-8A4C-4A23F4479371}.Release|Any CPU.ActiveCfg = Release|Any CPU
		{E140A5B1-A519-44A5-8A4C-4A23F4479371}.Release|Any CPU.Build.0 = Release|Any CPU
	EndGlobalSection
	GlobalSection(SolutionProperties) = preSolution
		HideSolutionNode = FALSE
	EndGlobalSection
	GlobalSection(NestedProjects) = preSolution
		{5464A073-87B7-45F4-8A9D-C1B531E2DF35} = {1AE43104-23A7-4947-9E93-6E802DC662EC}
		{D0491160-1339-4409-A7D0-AE02210C1359} = {E105B3F6-4F02-4CCD-9135-431B6F498D5C}
		{2AC0D02A-EACE-489B-8231-20B5874135A7} = {005E3E35-AC54-4EC5-A099-2B65B39F39DB}
		{685DCAED-553E-410F-9DDE-D2B9EF171101} = {416AE7B3-E34B-47EC-9550-DB94FD1B6761}
		{649A20EF-3F0A-484B-A3B5-00616C505D91} = {A3E640F7-C31B-4BE9-8F46-448C60C8F3FB}
		{7938B087-646C-4547-99D2-A9C763269B31} = {A3E640F7-C31B-4BE9-8F46-448C60C8F3FB}
		{D9862553-C524-493C-90AB-186DDA4E0CD7} = {A3E640F7-C31B-4BE9-8F46-448C60C8F3FB}
		{A4A41E9D-ECE6-4FFC-AF73-00570F2A279F} = {A3E640F7-C31B-4BE9-8F46-448C60C8F3FB}
		{2C9F7A7B-7112-4AC4-9327-4A502EE9A40B} = {888B537C-543D-41D0-A855-E79C8C2E4F3C}
		{2C210EFB-3991-4F09-9612-15FE7782FD5D} = {888B537C-543D-41D0-A855-E79C8C2E4F3C}
		{26730EFB-81FB-4967-8653-2FFBA30D6854} = {888B537C-543D-41D0-A855-E79C8C2E4F3C}
		{35AC3E98-5600-423C-B1B7-FE83284C29A6} = {888B537C-543D-41D0-A855-E79C8C2E4F3C}
		{DF92BF8B-CF4B-42C4-8500-E4BAA7DFEAA7} = {A0CD1EA5-CE46-4CA2-BF39-1900FEE544AD}
		{5F46E871-4ACE-44AA-A844-21124835ADA9} = {AC726927-49D9-4AAC-8B9C-E745DDF0B6FE}
		{23782251-B3C1-4236-9230-AEC8AC2D4BCC} = {A0988DA3-19CC-47B2-9795-5766B0A26829}
		{E140A5B1-A519-44A5-8A4C-4A23F4479371} = {E8D46783-E2B1-41BF-8ED0-ED8B101CA42A}
	EndGlobalSection
EndGlobal
